
Microsoft Visual Studio Solution File, Format Version 12.00
# Visual Studio Version 16
VisualStudioVersion = 16.0.30523.141
MinimumVisualStudioVersion = 10.0.40219.1
Project("{FAE04EC0-301F-11D3-BF4B-00C04F79EFBC}") = "Laborator11", "Laborator11.csproj", "{0111E461-071B-40D2-B141-C46C1BC7729B}"
EndProject
Global
	GlobalSection(SolutionConfigurationPlatforms) = preSolution
		Debug|Any CPU = Debug|Any CPU
		Release|Any CPU = Release|Any CPU
	EndGlobalSection
	GlobalSection(ProjectConfigurationPlatforms) = postSolution
		{0111E461-071B-40D2-B141-C46C1BC7729B}.Debug|Any CPU.ActiveCfg = Debug|Any CPU
		{0111E461-071B-40D2-B141-C46C1BC7729B}.Debug|Any CPU.Build.0 = Debug|Any CPU
		{0111E461-071B-40D2-B141-C46C1BC7729B}.Release|Any CPU.ActiveCfg = Release|Any CPU
		{0111E461-071B-40D2-B141-C46C1BC7729B}.Release|Any CPU.Build.0 = Release|Any CPU
	EndGlobalSection
	GlobalSection(SolutionProperties) = preSolution
		HideSolutionNode = FALSE
	EndGlobalSection
	GlobalSection(ExtensibilityGlobals) = postSolution
		SolutionGuid = {2B4D49EB-D769-492F-AE8C-01BF6F388394}
	EndGlobalSection
EndGlobal
