
Microsoft Visual Studio Solution File, Format Version 12.00
# Visual Studio Version 16
VisualStudioVersion = 16.0.30523.141
MinimumVisualStudioVersion = 10.0.40219.1
Project("{FAE04EC0-301F-11D3-BF4B-00C04F79EFBC}") = "Laborator 7", "Laborator 7.csproj", "{87B22D6B-8DE7-4984-83EE-1C3548473187}"
EndProject
Global
	GlobalSection(SolutionConfigurationPlatforms) = preSolution
		Debug|Any CPU = Debug|Any CPU
		Release|Any CPU = Release|Any CPU
	EndGlobalSection
	GlobalSection(ProjectConfigurationPlatforms) = postSolution
		{87B22D6B-8DE7-4984-83EE-1C3548473187}.Debug|Any CPU.ActiveCfg = Debug|Any CPU
		{87B22D6B-8DE7-4984-83EE-1C3548473187}.Debug|Any CPU.Build.0 = Debug|Any CPU
		{87B22D6B-8DE7-4984-83EE-1C3548473187}.Release|Any CPU.ActiveCfg = Release|Any CPU
		{87B22D6B-8DE7-4984-83EE-1C3548473187}.Release|Any CPU.Build.0 = Release|Any CPU
	EndGlobalSection
	GlobalSection(SolutionProperties) = preSolution
		HideSolutionNode = FALSE
	EndGlobalSection
	GlobalSection(ExtensibilityGlobals) = postSolution
		SolutionGuid = {52965650-680D-4A6E-B455-5049318D5B23}
	EndGlobalSection
EndGlobal
